{
  "requires": true,
  "lockfileVersion": 1,
  "dependencies": {
    "pnpm": {
      "version": "9.1.1",
      "resolved": "https://registry.npmmirror.com/pnpm/-/pnpm-9.1.1.tgz",
      "integrity": "sha512-FOkVdZwR936sB/q6TQGcGT7IY3Ip5i7Jnu+3zzw7dcZER4grfEhRQkUe46a0CAWc37e3+gNBuXXxLQ92KccRlQ=="
    }
  }
}
